
Microsoft Visual Studio Solution File, Format Version 12.00
Project("{FAE04EC0-301F-11D3-BF4B-00C04F79EFBC}") = "TeleSharpX", "TeleSharpX\TeleSharpX.csproj", "{3AC2F8F2-8FBA-4CB5-B4C4-A772C5DD9D1A}"
EndProject
Project("{FAE04EC0-301F-11D3-BF4B-00C04F79EFBC}") = "TeleSharpX.Test", "TeleSharpX.Test\TeleSharpX.Test.csproj", "{92863B68-DEA7-47C1-B4D2-68626F2D37A6}"
EndProject
Project("{FAE04EC0-301F-11D3-BF4B-00C04F79EFBC}") = "TeleSharpX.Giphy", "TeleSharpX.Giphy\TeleSharpX.Giphy.csproj", "{A8229DD7-4F49-413D-BABC-3F1454FDEA32}"
EndProject
Global
	GlobalSection(SolutionConfigurationPlatforms) = preSolution
		Debug|Any CPU = Debug|Any CPU
		Release|Any CPU = Release|Any CPU
	EndGlobalSection
	GlobalSection(ProjectConfigurationPlatforms) = postSolution
		{3AC2F8F2-8FBA-4CB5-B4C4-A772C5DD9D1A}.Debug|Any CPU.ActiveCfg = Debug|Any CPU
		{3AC2F8F2-8FBA-4CB5-B4C4-A772C5DD9D1A}.Debug|Any CPU.Build.0 = Debug|Any CPU
		{3AC2F8F2-8FBA-4CB5-B4C4-A772C5DD9D1A}.Release|Any CPU.ActiveCfg = Release|Any CPU
		{3AC2F8F2-8FBA-4CB5-B4C4-A772C5DD9D1A}.Release|Any CPU.Build.0 = Release|Any CPU
		{92863B68-DEA7-47C1-B4D2-68626F2D37A6}.Debug|Any CPU.ActiveCfg = Debug|Any CPU
		{92863B68-DEA7-47C1-B4D2-68626F2D37A6}.Debug|Any CPU.Build.0 = Debug|Any CPU
		{92863B68-DEA7-47C1-B4D2-68626F2D37A6}.Release|Any CPU.ActiveCfg = Release|Any CPU
		{92863B68-DEA7-47C1-B4D2-68626F2D37A6}.Release|Any CPU.Build.0 = Release|Any CPU
		{A8229DD7-4F49-413D-BABC-3F1454FDEA32}.Debug|Any CPU.ActiveCfg = Debug|Any CPU
		{A8229DD7-4F49-413D-BABC-3F1454FDEA32}.Debug|Any CPU.Build.0 = Debug|Any CPU
		{A8229DD7-4F49-413D-BABC-3F1454FDEA32}.Release|Any CPU.ActiveCfg = Release|Any CPU
		{A8229DD7-4F49-413D-BABC-3F1454FDEA32}.Release|Any CPU.Build.0 = Release|Any CPU
	EndGlobalSection
EndGlobal
